{
  "nodes": {
    "nixpkgs": {
      "locked": {
        "lastModified": 1774062408,
        "narHash": "sha256-iNPTN4ZAKZK1v7nTUdVUnNsJw7FZ8dNmLQ3KxpG9OGU=",
        "owner": "NixOS",
        "repo": "nixpkgs",
        "rev": "75990ab5112f8639afbd77bdcffb6e6149a899b6",
        "type": "github"
      },
      "original": {
        "owner": "NixOS",
        "ref": "master",
        "repo": "nixpkgs",
        "type": "github"
      }
    },
    "root": {
      "inputs": {
        "nixpkgs": "nixpkgs"
      }
    }
  },
  "root": "root",
  "version": 7
}
